
Microsoft Visual Studio Solution File, Format Version 12.00
# Visual Studio 2012
Project("{2150E333-8FDC-42A3-9474-1A3956D46DE8}") = "Common", "Common", "{257A058D-5E4E-4936-AC34-8016E9833CE6}"
EndProject
Project("{2150E333-8FDC-42A3-9474-1A3956D46DE8}") = "Presentation", "Presentation", "{0FBA1321-13C9-41D6-958D-5975A69FD76A}"
EndProject
Project("{2150E333-8FDC-42A3-9474-1A3956D46DE8}") = "Data Access", "Data Access", "{AD79430E-6B96-4966-907F-D3D6F9F0D49B}"
EndProject
Project("{2150E333-8FDC-42A3-9474-1A3956D46DE8}") = "Business Logic", "Business Logic", "{71FCF1C7-FCA6-47A0-AC9C-98A51D0F89DB}"
EndProject
Project("{FAE04EC0-301F-11D3-BF4B-00C04F79EFBC}") = "KBT.LOGIC", "KBT.LOGIC\KBT.LOGIC.csproj", "{1DEDB4DF-E32F-40F2-AC72-0223C7252B36}"
EndProject
Project("{FAE04EC0-301F-11D3-BF4B-00C04F79EFBC}") = "KBT.DEPENDENCY", "KBT.DEPENDENCY\KBT.DEPENDENCY.csproj", "{FC5B159F-D711-457D-B48E-9A3400664356}"
EndProject
Project("{FAE04EC0-301F-11D3-BF4B-00C04F79EFBC}") = "KBT.COMMON", "KBT.COMMON\KBT.COMMON.csproj", "{24A41964-9AB5-4F75-BFBC-885CF2B257AD}"
EndProject
Project("{FAE04EC0-301F-11D3-BF4B-00C04F79EFBC}") = "KBT.RESOURCES", "KBT.RESOURCES\KBT.RESOURCES.csproj", "{62C48921-B390-466B-8E42-CF50A8698BE4}"
EndProject
Project("{FAE04EC0-301F-11D3-BF4B-00C04F79EFBC}") = "KBT.CONTRACTS", "KBT.CONTRACTS\KBT.CONTRACTS.csproj", "{7EA6680B-FEE1-4C99-9A8E-6B8F71132E9A}"
EndProject
Project("{FAE04EC0-301F-11D3-BF4B-00C04F79EFBC}") = "KBT.DATA", "KBT.DATA\KBT.DATA.csproj", "{EC24D4E2-2152-447E-A79A-573A7DCE3D67}"
EndProject
Project("{FAE04EC0-301F-11D3-BF4B-00C04F79EFBC}") = "KBT.WEB", "KBT.WEB\KBT.WEB.csproj", "{51335715-43DF-4F00-98B0-46FBA21F1D1F}"
EndProject
Global
	GlobalSection(SolutionConfigurationPlatforms) = preSolution
		Debug|Any CPU = Debug|Any CPU
		Release|Any CPU = Release|Any CPU
	EndGlobalSection
	GlobalSection(ProjectConfigurationPlatforms) = postSolution
		{1DEDB4DF-E32F-40F2-AC72-0223C7252B36}.Debug|Any CPU.ActiveCfg = Debug|Any CPU
		{1DEDB4DF-E32F-40F2-AC72-0223C7252B36}.Debug|Any CPU.Build.0 = Debug|Any CPU
		{1DEDB4DF-E32F-40F2-AC72-0223C7252B36}.Release|Any CPU.ActiveCfg = Release|Any CPU
		{1DEDB4DF-E32F-40F2-AC72-0223C7252B36}.Release|Any CPU.Build.0 = Release|Any CPU
		{FC5B159F-D711-457D-B48E-9A3400664356}.Debug|Any CPU.ActiveCfg = Debug|Any CPU
		{FC5B159F-D711-457D-B48E-9A3400664356}.Debug|Any CPU.Build.0 = Debug|Any CPU
		{FC5B159F-D711-457D-B48E-9A3400664356}.Release|Any CPU.ActiveCfg = Release|Any CPU
		{FC5B159F-D711-457D-B48E-9A3400664356}.Release|Any CPU.Build.0 = Release|Any CPU
		{24A41964-9AB5-4F75-BFBC-885CF2B257AD}.Debug|Any CPU.ActiveCfg = Debug|Any CPU
		{24A41964-9AB5-4F75-BFBC-885CF2B257AD}.Debug|Any CPU.Build.0 = Debug|Any CPU
		{24A41964-9AB5-4F75-BFBC-885CF2B257AD}.Release|Any CPU.ActiveCfg = Release|Any CPU
		{24A41964-9AB5-4F75-BFBC-885CF2B257AD}.Release|Any CPU.Build.0 = Release|Any CPU
		{62C48921-B390-466B-8E42-CF50A8698BE4}.Debug|Any CPU.ActiveCfg = Debug|Any CPU
		{62C48921-B390-466B-8E42-CF50A8698BE4}.Debug|Any CPU.Build.0 = Debug|Any CPU
		{62C48921-B390-466B-8E42-CF50A8698BE4}.Release|Any CPU.ActiveCfg = Release|Any CPU
		{62C48921-B390-466B-8E42-CF50A8698BE4}.Release|Any CPU.Build.0 = Release|Any CPU
		{7EA6680B-FEE1-4C99-9A8E-6B8F71132E9A}.Debug|Any CPU.ActiveCfg = Debug|Any CPU
		{7EA6680B-FEE1-4C99-9A8E-6B8F71132E9A}.Debug|Any CPU.Build.0 = Debug|Any CPU
		{7EA6680B-FEE1-4C99-9A8E-6B8F71132E9A}.Release|Any CPU.ActiveCfg = Release|Any CPU
		{7EA6680B-FEE1-4C99-9A8E-6B8F71132E9A}.Release|Any CPU.Build.0 = Release|Any CPU
		{EC24D4E2-2152-447E-A79A-573A7DCE3D67}.Debug|Any CPU.ActiveCfg = Debug|Any CPU
		{EC24D4E2-2152-447E-A79A-573A7DCE3D67}.Debug|Any CPU.Build.0 = Debug|Any CPU
		{EC24D4E2-2152-447E-A79A-573A7DCE3D67}.Release|Any CPU.ActiveCfg = Release|Any CPU
		{EC24D4E2-2152-447E-A79A-573A7DCE3D67}.Release|Any CPU.Build.0 = Release|Any CPU
		{51335715-43DF-4F00-98B0-46FBA21F1D1F}.Debug|Any CPU.ActiveCfg = Debug|Any CPU
		{51335715-43DF-4F00-98B0-46FBA21F1D1F}.Debug|Any CPU.Build.0 = Debug|Any CPU
		{51335715-43DF-4F00-98B0-46FBA21F1D1F}.Release|Any CPU.ActiveCfg = Release|Any CPU
		{51335715-43DF-4F00-98B0-46FBA21F1D1F}.Release|Any CPU.Build.0 = Release|Any CPU
	EndGlobalSection
	GlobalSection(SolutionProperties) = preSolution
		HideSolutionNode = FALSE
	EndGlobalSection
	GlobalSection(NestedProjects) = preSolution
		{24A41964-9AB5-4F75-BFBC-885CF2B257AD} = {257A058D-5E4E-4936-AC34-8016E9833CE6}
		{62C48921-B390-466B-8E42-CF50A8698BE4} = {257A058D-5E4E-4936-AC34-8016E9833CE6}
		{51335715-43DF-4F00-98B0-46FBA21F1D1F} = {0FBA1321-13C9-41D6-958D-5975A69FD76A}
		{7EA6680B-FEE1-4C99-9A8E-6B8F71132E9A} = {AD79430E-6B96-4966-907F-D3D6F9F0D49B}
		{EC24D4E2-2152-447E-A79A-573A7DCE3D67} = {AD79430E-6B96-4966-907F-D3D6F9F0D49B}
		{1DEDB4DF-E32F-40F2-AC72-0223C7252B36} = {71FCF1C7-FCA6-47A0-AC9C-98A51D0F89DB}
		{FC5B159F-D711-457D-B48E-9A3400664356} = {71FCF1C7-FCA6-47A0-AC9C-98A51D0F89DB}
	EndGlobalSection
EndGlobal
